// !$*UTF8*$!
{
	archiveVersion = 1;
	classes = {
	};
	objectVersion = 50;
	objects = {

/* Begin PBXBuildFile section */
		690BD21920DCD8FB0029170F /* AppDelegate.swift in Sources */ = {isa = PBXBuildFile; fileRef = 690BD21820DCD8FB0029170F /* AppDelegate.swift */; };
		690BD22020DCD8FD0029170F /* Assets.xcassets in Resources */ = {isa = PBXBuildFile; fileRef = 690BD21F20DCD8FD0029170F /* Assets.xcassets */; };
		690BD22E20DCD9250029170F /* MainViewController.swift in Sources */ = {isa = PBXBuildFile; fileRef = 690BD22C20DCD9250029170F /* MainViewController.swift */; };
		690BD22F20DCD9250029170F /* MainViewController.xib in Resources */ = {isa = PBXBuildFile; fileRef = 690BD22D20DCD9250029170F /* MainViewController.xib */; };
		690BD23120DCD9B00029170F /* LaunchScreen.xib in Resources */ = {isa = PBXBuildFile; fileRef = 690BD23020DCD9B00029170F /* LaunchScreen.xib */; };
		690BD23420DD02320029170F /* SceneExtensionMain.swift in Sources */ = {isa = PBXBuildFile; fileRef = 690BD23320DD02320029170F /* SceneExtensionMain.swift */; };
		690BD23720DD029D0029170F /* MainNavigationController.swift in Sources */ = {isa = PBXBuildFile; fileRef = 690BD23620DD029D0029170F /* MainNavigationController.swift */; };
		690BD23A20DD04000029170F /* City.swift in Sources */ = {isa = PBXBuildFile; fileRef = 690BD23920DD04000029170F /* City.swift */; };
		690BD23C20DD04C30029170F /* WeatherManager.swift in Sources */ = {isa = PBXBuildFile; fileRef = 690BD23B20DD04C30029170F /* WeatherManager.swift */; };
		690BD24020DD04E60029170F /* AppConfiguration.swift in Sources */ = {isa = PBXBuildFile; fileRef = 690BD23F20DD04E60029170F /* AppConfiguration.swift */; };
		690BD24B20DD10070029170F /* Weather.swift in Sources */ = {isa = PBXBuildFile; fileRef = 690BD24A20DD10070029170F /* Weather.swift */; };
		690BD24D20DD238D0029170F /* BaseApiClient.swift in Sources */ = {isa = PBXBuildFile; fileRef = 690BD24C20DD238D0029170F /* BaseApiClient.swift */; };
		690BD24F20DD24270029170F /* OpenWeatherApiClient.swift in Sources */ = {isa = PBXBuildFile; fileRef = 690BD24E20DD24270029170F /* OpenWeatherApiClient.swift */; };
		690BD25420DD2C4D0029170F /* WeatherPanel.swift in Sources */ = {isa = PBXBuildFile; fileRef = 690BD25320DD2C4D0029170F /* WeatherPanel.swift */; };
		690BD25620DD2C5A0029170F /* WeatherPanel.xib in Resources */ = {isa = PBXBuildFile; fileRef = 690BD25520DD2C5A0029170F /* WeatherPanel.xib */; };
		690BD25920DD3B600029170F /* TemperatureConverter.swift in Sources */ = {isa = PBXBuildFile; fileRef = 690BD25820DD3B600029170F /* TemperatureConverter.swift */; };
		690BD25B20DD40B10029170F /* MainViewControllerExtensionStyle.swift in Sources */ = {isa = PBXBuildFile; fileRef = 690BD25A20DD40B10029170F /* MainViewControllerExtensionStyle.swift */; };
		690BD25D20DD40D10029170F /* MainViewControllerExtensionContent.swift in Sources */ = {isa = PBXBuildFile; fileRef = 690BD25C20DD40D10029170F /* MainViewControllerExtensionContent.swift */; };
		690BD26020DD530F0029170F /* WaitingPanel.swift in Sources */ = {isa = PBXBuildFile; fileRef = 690BD25F20DD530F0029170F /* WaitingPanel.swift */; };
		690BD26220DD531F0029170F /* WaitingPanel.xib in Resources */ = {isa = PBXBuildFile; fileRef = 690BD26120DD531F0029170F /* WaitingPanel.xib */; };
		690BD26420DD537C0029170F /* WaitingPanelExtensionStyle.swift in Sources */ = {isa = PBXBuildFile; fileRef = 690BD26320DD537C0029170F /* WaitingPanelExtensionStyle.swift */; };
		690BD26620DD64820029170F /* WeatherPanelExtensionStyle.swift in Sources */ = {isa = PBXBuildFile; fileRef = 690BD26520DD64820029170F /* WeatherPanelExtensionStyle.swift */; };
		890B7C818BD4A277DE6DE511 /* Pods_Demo.framework in Frameworks */ = {isa = PBXBuildFile; fileRef = 2EB10A2444A7B7DADEFDCE48 /* Pods_Demo.framework */; };
/* End PBXBuildFile section */

/* Begin PBXFileReference section */
		1ECC848879370C5078527E9D /* Pods-Demo.debug.xcconfig */ = {isa = PBXFileReference; includeInIndex = 1; lastKnownFileType = text.xcconfig; name = "Pods-Demo.debug.xcconfig"; path = "Pods/Target Support Files/Pods-Demo/Pods-Demo.debug.xcconfig"; sourceTree = "<group>"; };
		2EB10A2444A7B7DADEFDCE48 /* Pods_Demo.framework */ = {isa = PBXFileReference; explicitFileType = wrapper.framework; includeInIndex = 0; path = Pods_Demo.framework; sourceTree = BUILT_PRODUCTS_DIR; };
		690BD21520DCD8FB0029170F /* Demo.app */ = {isa = PBXFileReference; explicitFileType = wrapper.application; includeInIndex = 0; path = Demo.app; sourceTree = BUILT_PRODUCTS_DIR; };
		690BD21820DCD8FB0029170F /* AppDelegate.swift */ = {isa = PBXFileReference; lastKnownFileType = sourcecode.swift; path = AppDelegate.swift; sourceTree = "<group>"; };
		690BD21F20DCD8FD0029170F /* Assets.xcassets */ = {isa = PBXFileReference; lastKnownFileType = folder.assetcatalog; path = Assets.xcassets; sourceTree = "<group>"; };
		690BD22420DCD8FD0029170F /* Info.plist */ = {isa = PBXFileReference; lastKnownFileType = text.plist.xml; path = Info.plist; sourceTree = "<group>"; };
		690BD22C20DCD9250029170F /* MainViewController.swift */ = {isa = PBXFileReference; lastKnownFileType = sourcecode.swift; path = MainViewController.swift; sourceTree = "<group>"; };
		690BD22D20DCD9250029170F /* MainViewController.xib */ = {isa = PBXFileReference; lastKnownFileType = file.xib; path = MainViewController.xib; sourceTree = "<group>"; };
		690BD23020DCD9B00029170F /* LaunchScreen.xib */ = {isa = PBXFileReference; lastKnownFileType = file.xib; path = LaunchScreen.xib; sourceTree = "<group>"; };
		690BD23320DD02320029170F /* SceneExtensionMain.swift */ = {isa = PBXFileReference; lastKnownFileType = sourcecode.swift; path = SceneExtensionMain.swift; sourceTree = "<group>"; };
		690BD23620DD029D0029170F /* MainNavigationController.swift */ = {isa = PBXFileReference; lastKnownFileType = sourcecode.swift; path = MainNavigationController.swift; sourceTree = "<group>"; };
		690BD23920DD04000029170F /* City.swift */ = {isa = PBXFileReference; lastKnownFileType = sourcecode.swift; path = City.swift; sourceTree = "<group>"; };
		690BD23B20DD04C30029170F /* WeatherManager.swift */ = {isa = PBXFileReference; lastKnownFileType = sourcecode.swift; path = WeatherManager.swift; sourceTree = "<group>"; };
		690BD23F20DD04E60029170F /* AppConfiguration.swift */ = {isa = PBXFileReference; lastKnownFileType = sourcecode.swift; path = AppConfiguration.swift; sourceTree = "<group>"; };
		690BD24A20DD10070029170F /* Weather.swift */ = {isa = PBXFileReference; lastKnownFileType = sourcecode.swift; path = Weather.swift; sourceTree = "<group>"; };
		690BD24C20DD238D0029170F /* BaseApiClient.swift */ = {isa = PBXFileReference; lastKnownFileType = sourcecode.swift; path = BaseApiClient.swift; sourceTree = "<group>"; };
		690BD24E20DD24270029170F /* OpenWeatherApiClient.swift */ = {isa = PBXFileReference; lastKnownFileType = sourcecode.swift; path = OpenWeatherApiClient.swift; sourceTree = "<group>"; };
		690BD25320DD2C4D0029170F /* WeatherPanel.swift */ = {isa = PBXFileReference; lastKnownFileType = sourcecode.swift; path = WeatherPanel.swift; sourceTree = "<group>"; };
		690BD25520DD2C5A0029170F /* WeatherPanel.xib */ = {isa = PBXFileReference; lastKnownFileType = file.xib; path = WeatherPanel.xib; sourceTree = "<group>"; };
		690BD25820DD3B600029170F /* TemperatureConverter.swift */ = {isa = PBXFileReference; lastKnownFileType = sourcecode.swift; path = TemperatureConverter.swift; sourceTree = "<group>"; };
		690BD25A20DD40B10029170F /* MainViewControllerExtensionStyle.swift */ = {isa = PBXFileReference; lastKnownFileType = sourcecode.swift; path = MainViewControllerExtensionStyle.swift; sourceTree = "<group>"; };
		690BD25C20DD40D10029170F /* MainViewControllerExtensionContent.swift */ = {isa = PBXFileReference; lastKnownFileType = sourcecode.swift; path = MainViewControllerExtensionContent.swift; sourceTree = "<group>"; };
		690BD25F20DD530F0029170F /* WaitingPanel.swift */ = {isa = PBXFileReference; lastKnownFileType = sourcecode.swift; path = WaitingPanel.swift; sourceTree = "<group>"; };
		690BD26120DD531F0029170F /* WaitingPanel.xib */ = {isa = PBXFileReference; lastKnownFileType = file.xib; path = WaitingPanel.xib; sourceTree = "<group>"; };
		690BD26320DD537C0029170F /* WaitingPanelExtensionStyle.swift */ = {isa = PBXFileReference; lastKnownFileType = sourcecode.swift; path = WaitingPanelExtensionStyle.swift; sourceTree = "<group>"; };
		690BD26520DD64820029170F /* WeatherPanelExtensionStyle.swift */ = {isa = PBXFileReference; lastKnownFileType = sourcecode.swift; path = WeatherPanelExtensionStyle.swift; sourceTree = "<group>"; };
		D2DAD8145B3EBCF5A4C7EC05 /* Pods-Demo.release.xcconfig */ = {isa = PBXFileReference; includeInIndex = 1; lastKnownFileType = text.xcconfig; name = "Pods-Demo.release.xcconfig"; path = "Pods/Target Support Files/Pods-Demo/Pods-Demo.release.xcconfig"; sourceTree = "<group>"; };
/* End PBXFileReference section */

/* Begin PBXFrameworksBuildPhase section */
		690BD21220DCD8FB0029170F /* Frameworks */ = {
			isa = PBXFrameworksBuildPhase;
			buildActionMask = 2147483647;
			files = (
				890B7C818BD4A277DE6DE511 /* Pods_Demo.framework in Frameworks */,
			);
			runOnlyForDeploymentPostprocessing = 0;
		};
/* End PBXFrameworksBuildPhase section */

/* Begin PBXGroup section */
		118F641E2DC5198B2ACAECD2 /* Pods */ = {
			isa = PBXGroup;
			children = (
				1ECC848879370C5078527E9D /* Pods-Demo.debug.xcconfig */,
				D2DAD8145B3EBCF5A4C7EC05 /* Pods-Demo.release.xcconfig */,
			);
			name = Pods;
			sourceTree = "<group>";
		};
		1992DAAFF580190DE625F184 /* Frameworks */ = {
			isa = PBXGroup;
			children = (
				2EB10A2444A7B7DADEFDCE48 /* Pods_Demo.framework */,
			);
			name = Frameworks;
			sourceTree = "<group>";
		};
		690BD20C20DCD8FB0029170F = {
			isa = PBXGroup;
			children = (
				690BD21720DCD8FB0029170F /* Demo */,
				690BD21620DCD8FB0029170F /* Products */,
				118F641E2DC5198B2ACAECD2 /* Pods */,
				1992DAAFF580190DE625F184 /* Frameworks */,
			);
			sourceTree = "<group>";
		};
		690BD21620DCD8FB0029170F /* Products */ = {
			isa = PBXGroup;
			children = (
				690BD21520DCD8FB0029170F /* Demo.app */,
			);
			name = Products;
			sourceTree = "<group>";
		};
		690BD21720DCD8FB0029170F /* Demo */ = {
			isa = PBXGroup;
			children = (
				690BD25720DD3B530029170F /* Utils */,
				690BD23E20DD04DD0029170F /* App */,
				690BD23D20DD04D50029170F /* Networking */,
				690BD23820DD03F90029170F /* Engine */,
				690BD23220DD02220029170F /* Scenes */,
				690BD23520DD027A0029170F /* NavigationControllers */,
				690BD22A20DCD91A0029170F /* ViewControllers */,
				690BD25120DD2C3E0029170F /* Views */,
				690BD21820DCD8FB0029170F /* AppDelegate.swift */,
				690BD21F20DCD8FD0029170F /* Assets.xcassets */,
				690BD23020DCD9B00029170F /* LaunchScreen.xib */,
				690BD22420DCD8FD0029170F /* Info.plist */,
			);
			path = Demo;
			sourceTree = "<group>";
		};
		690BD22A20DCD91A0029170F /* ViewControllers */ = {
			isa = PBXGroup;
			children = (
				690BD22B20DCD91A0029170F /* Main */,
			);
			path = ViewControllers;
			sourceTree = "<group>";
		};
		690BD22B20DCD91A0029170F /* Main */ = {
			isa = PBXGroup;
			children = (
				690BD22C20DCD9250029170F /* MainViewController.swift */,
				690BD25A20DD40B10029170F /* MainViewControllerExtensionStyle.swift */,
				690BD25C20DD40D10029170F /* MainViewControllerExtensionContent.swift */,
				690BD22D20DCD9250029170F /* MainViewController.xib */,
			);
			path = Main;
			sourceTree = "<group>";
		};
		690BD23220DD02220029170F /* Scenes */ = {
			isa = PBXGroup;
			children = (
				690BD23320DD02320029170F /* SceneExtensionMain.swift */,
			);
			path = Scenes;
			sourceTree = "<group>";
		};
		690BD23520DD027A0029170F /* NavigationControllers */ = {
			isa = PBXGroup;
			children = (
				690BD23620DD029D0029170F /* MainNavigationController.swift */,
			);
			path = NavigationControllers;
			sourceTree = "<group>";
		};
		690BD23820DD03F90029170F /* Engine */ = {
			isa = PBXGroup;
			children = (
				690BD23920DD04000029170F /* City.swift */,
				690BD23B20DD04C30029170F /* WeatherManager.swift */,
				690BD24A20DD10070029170F /* Weather.swift */,
			);
			path = Engine;
			sourceTree = "<group>";
		};
		690BD23D20DD04D50029170F /* Networking */ = {
			isa = PBXGroup;
			children = (
				690BD24C20DD238D0029170F /* BaseApiClient.swift */,
				690BD24E20DD24270029170F /* OpenWeatherApiClient.swift */,
			);
			path = Networking;
			sourceTree = "<group>";
		};
		690BD23E20DD04DD0029170F /* App */ = {
			isa = PBXGroup;
			children = (
				690BD23F20DD04E60029170F /* AppConfiguration.swift */,
			);
			path = App;
			sourceTree = "<group>";
		};
		690BD25120DD2C3E0029170F /* Views */ = {
			isa = PBXGroup;
			children = (
				690BD25220DD2C3E0029170F /* WeatherPanel */,
				690BD25E20DD53050029170F /* WaitingPanel */,
			);
			path = Views;
			sourceTree = "<group>";
		};
		690BD25220DD2C3E0029170F /* WeatherPanel */ = {
			isa = PBXGroup;
			children = (
				690BD25320DD2C4D0029170F /* WeatherPanel.swift */,
				690BD26520DD64820029170F /* WeatherPanelExtensionStyle.swift */,
				690BD25520DD2C5A0029170F /* WeatherPanel.xib */,
			);
			path = WeatherPanel;
			sourceTree = "<group>";
		};
		690BD25720DD3B530029170F /* Utils */ = {
			isa = PBXGroup;
			children = (
				690BD25820DD3B600029170F /* TemperatureConverter.swift */,
			);
			path = Utils;
			sourceTree = "<group>";
		};
		690BD25E20DD53050029170F /* WaitingPanel */ = {
			isa = PBXGroup;
			children = (
				690BD25F20DD530F0029170F /* WaitingPanel.swift */,
				690BD26320DD537C0029170F /* WaitingPanelExtensionStyle.swift */,
				690BD26120DD531F0029170F /* WaitingPanel.xib */,
			);
			path = WaitingPanel;
			sourceTree = "<group>";
		};
/* End PBXGroup section */

/* Begin PBXNativeTarget section */
		690BD21420DCD8FB0029170F /* Demo */ = {
			isa = PBXNativeTarget;
			buildConfigurationList = 690BD22720DCD8FD0029170F /* Build configuration list for PBXNativeTarget "Demo" */;
			buildPhases = (
				B5E0E0E9062043ABC73E31AE /* [CP] Check Pods Manifest.lock */,
				690BD21120DCD8FB0029170F /* Sources */,
				690BD21220DCD8FB0029170F /* Frameworks */,
				690BD21320DCD8FB0029170F /* Resources */,
				6814CBC0D103726590A85B12 /* [CP] Embed Pods Frameworks */,
			);
			buildRules = (
			);
			dependencies = (
			);
			name = Demo;
			productName = Demo;
			productReference = 690BD21520DCD8FB0029170F /* Demo.app */;
			productType = "com.apple.product-type.application";
		};
/* End PBXNativeTarget section */

/* Begin PBXProject section */
		690BD20D20DCD8FB0029170F /* Project object */ = {
			isa = PBXProject;
			attributes = {
				LastSwiftUpdateCheck = 0940;
				LastUpgradeCheck = 0940;
				ORGANIZATIONNAME = "Igor Matyushkin";
				TargetAttributes = {
					690BD21420DCD8FB0029170F = {
						CreatedOnToolsVersion = 9.4;
					};
				};
			};
			buildConfigurationList = 690BD21020DCD8FB0029170F /* Build configuration list for PBXProject "Demo" */;
			compatibilityVersion = "Xcode 9.3";
			developmentRegion = en;
			hasScannedForEncodings = 0;
			knownRegions = (
				en,
				Base,
			);
			mainGroup = 690BD20C20DCD8FB0029170F;
			productRefGroup = 690BD21620DCD8FB0029170F /* Products */;
			projectDirPath = "";
			projectRoot = "";
			targets = (
				690BD21420DCD8FB0029170F /* Demo */,
			);
		};
/* End PBXProject section */

/* Begin PBXResourcesBuildPhase section */
		690BD21320DCD8FB0029170F /* Resources */ = {
			isa = PBXResourcesBuildPhase;
			buildActionMask = 2147483647;
			files = (
				690BD22F20DCD9250029170F /* MainViewController.xib in Resources */,
				690BD25620DD2C5A0029170F /* WeatherPanel.xib in Resources */,
				690BD26220DD531F0029170F /* WaitingPanel.xib in Resources */,
				690BD23120DCD9B00029170F /* LaunchScreen.xib in Resources */,
				690BD22020DCD8FD0029170F /* Assets.xcassets in Resources */,
			);
			runOnlyForDeploymentPostprocessing = 0;
		};
/* End PBXResourcesBuildPhase section */

/* Begin PBXShellScriptBuildPhase section */
		6814CBC0D103726590A85B12 /* [CP] Embed Pods Frameworks */ = {
			isa = PBXShellScriptBuildPhase;
			buildActionMask = 2147483647;
			files = (
			);
			inputPaths = (
				"${SRCROOT}/Pods/Target Support Files/Pods-Demo/Pods-Demo-frameworks.sh",
				"${BUILT_PRODUCTS_DIR}/Alamofire/Alamofire.framework",
				"${BUILT_PRODUCTS_DIR}/Degree/Degree.framework",
				"${BUILT_PRODUCTS_DIR}/Direct/Direct.framework",
				"${BUILT_PRODUCTS_DIR}/Hammer/Hammer.framework",
				"${BUILT_PRODUCTS_DIR}/Pixels/Pixels.framework",
				"${BUILT_PRODUCTS_DIR}/SwiftyJSON/SwiftyJSON.framework",
				"${BUILT_PRODUCTS_DIR}/Visuality/Visuality.framework",
			);
			name = "[CP] Embed Pods Frameworks";
			outputPaths = (
				"${TARGET_BUILD_DIR}/${FRAMEWORKS_FOLDER_PATH}/Alamofire.framework",
				"${TARGET_BUILD_DIR}/${FRAMEWORKS_FOLDER_PATH}/Degree.framework",
				"${TARGET_BUILD_DIR}/${FRAMEWORKS_FOLDER_PATH}/Direct.framework",
				"${TARGET_BUILD_DIR}/${FRAMEWORKS_FOLDER_PATH}/Hammer.framework",
				"${TARGET_BUILD_DIR}/${FRAMEWORKS_FOLDER_PATH}/Pixels.framework",
				"${TARGET_BUILD_DIR}/${FRAMEWORKS_FOLDER_PATH}/SwiftyJSON.framework",
				"${TARGET_BUILD_DIR}/${FRAMEWORKS_FOLDER_PATH}/Visuality.framework",
			);
			runOnlyForDeploymentPostprocessing = 0;
			shellPath = /bin/sh;
			shellScript = "\"${SRCROOT}/Pods/Target Support Files/Pods-Demo/Pods-Demo-frameworks.sh\"\n";
			showEnvVarsInLog = 0;
		};
		B5E0E0E9062043ABC73E31AE /* [CP] Check Pods Manifest.lock */ = {
			isa = PBXShellScriptBuildPhase;
			buildActionMask = 2147483647;
			files = (
			);
			inputPaths = (
				"${PODS_PODFILE_DIR_PATH}/Podfile.lock",
				"${PODS_ROOT}/Manifest.lock",
			);
			name = "[CP] Check Pods Manifest.lock";
			outputPaths = (
				"$(DERIVED_FILE_DIR)/Pods-Demo-checkManifestLockResult.txt",
			);
			runOnlyForDeploymentPostprocessing = 0;
			shellPath = /bin/sh;
			shellScript = "diff \"${PODS_PODFILE_DIR_PATH}/Podfile.lock\" \"${PODS_ROOT}/Manifest.lock\" > /dev/null\nif [ $? != 0 ] ; then\n    # print error to STDERR\n    echo \"error: The sandbox is not in sync with the Podfile.lock. Run 'pod install' or update your CocoaPods installation.\" >&2\n    exit 1\nfi\n# This output is used by Xcode 'outputs' to avoid re-running this script phase.\necho \"SUCCESS\" > \"${SCRIPT_OUTPUT_FILE_0}\"\n";
			showEnvVarsInLog = 0;
		};
/* End PBXShellScriptBuildPhase section */

/* Begin PBXSourcesBuildPhase section */
		690BD21120DCD8FB0029170F /* Sources */ = {
			isa = PBXSourcesBuildPhase;
			buildActionMask = 2147483647;
			files = (
				690BD23C20DD04C30029170F /* WeatherManager.swift in Sources */,
				690BD25D20DD40D10029170F /* MainViewControllerExtensionContent.swift in Sources */,
				690BD23420DD02320029170F /* SceneExtensionMain.swift in Sources */,
				690BD24F20DD24270029170F /* OpenWeatherApiClient.swift in Sources */,
				690BD25920DD3B600029170F /* TemperatureConverter.swift in Sources */,
				690BD24B20DD10070029170F /* Weather.swift in Sources */,
				690BD25B20DD40B10029170F /* MainViewControllerExtensionStyle.swift in Sources */,
				690BD26020DD530F0029170F /* WaitingPanel.swift in Sources */,
				690BD26420DD537C0029170F /* WaitingPanelExtensionStyle.swift in Sources */,
				690BD23A20DD04000029170F /* City.swift in Sources */,
				690BD21920DCD8FB0029170F /* AppDelegate.swift in Sources */,
				690BD23720DD029D0029170F /* MainNavigationController.swift in Sources */,
				690BD24020DD04E60029170F /* AppConfiguration.swift in Sources */,
				690BD25420DD2C4D0029170F /* WeatherPanel.swift in Sources */,
				690BD24D20DD238D0029170F /* BaseApiClient.swift in Sources */,
				690BD26620DD64820029170F /* WeatherPanelExtensionStyle.swift in Sources */,
				690BD22E20DCD9250029170F /* MainViewController.swift in Sources */,
			);
			runOnlyForDeploymentPostprocessing = 0;
		};
/* End PBXSourcesBuildPhase section */

/* Begin XCBuildConfiguration section */
		690BD22520DCD8FD0029170F /* Debug */ = {
			isa = XCBuildConfiguration;
			buildSettings = {
				ALWAYS_SEARCH_USER_PATHS = NO;
				CLANG_ANALYZER_NONNULL = YES;
				CLANG_ANALYZER_NUMBER_OBJECT_CONVERSION = YES_AGGRESSIVE;
				CLANG_CXX_LANGUAGE_STANDARD = "gnu++14";
				CLANG_CXX_LIBRARY = "libc++";
				CLANG_ENABLE_MODULES = YES;
				CLANG_ENABLE_OBJC_ARC = YES;
				CLANG_ENABLE_OBJC_WEAK = YES;
				CLANG_WARN_BLOCK_CAPTURE_AUTORELEASING = YES;
				CLANG_WARN_BOOL_CONVERSION = YES;
				CLANG_WARN_COMMA = YES;
				CLANG_WARN_CONSTANT_CONVERSION = YES;
				CLANG_WARN_DEPRECATED_OBJC_IMPLEMENTATIONS = YES;
				CLANG_WARN_DIRECT_OBJC_ISA_USAGE = YES_ERROR;
				CLANG_WARN_DOCUMENTATION_COMMENTS = YES;
				CLANG_WARN_EMPTY_BODY = YES;
				CLANG_WARN_ENUM_CONVERSION = YES;
				CLANG_WARN_INFINITE_RECURSION = YES;
				CLANG_WARN_INT_CONVERSION = YES;
				CLANG_WARN_NON_LITERAL_NULL_CONVERSION = YES;
				CLANG_WARN_OBJC_IMPLICIT_RETAIN_SELF = YES;
				CLANG_WARN_OBJC_LITERAL_CONVERSION = YES;
				CLANG_WARN_OBJC_ROOT_CLASS = YES_ERROR;
				CLANG_WARN_RANGE_LOOP_ANALYSIS = YES;
				CLANG_WARN_STRICT_PROTOTYPES = YES;
				CLANG_WARN_SUSPICIOUS_MOVE = YES;
				CLANG_WARN_UNGUARDED_AVAILABILITY = YES_AGGRESSIVE;
				CLANG_WARN_UNREACHABLE_CODE = YES;
				CLANG_WARN__DUPLICATE_METHOD_MATCH = YES;
				CODE_SIGN_IDENTITY = "iPhone Developer";
				COPY_PHASE_STRIP = NO;
				DEBUG_INFORMATION_FORMAT = dwarf;
				ENABLE_STRICT_OBJC_MSGSEND = YES;
				ENABLE_TESTABILITY = YES;
				GCC_C_LANGUAGE_STANDARD = gnu11;
				GCC_DYNAMIC_NO_PIC = NO;
				GCC_NO_COMMON_BLOCKS = YES;
				GCC_OPTIMIZATION_LEVEL = 0;
				GCC_PREPROCESSOR_DEFINITIONS = (
					"DEBUG=1",
					"$(inherited)",
				);
				GCC_WARN_64_TO_32_BIT_CONVERSION = YES;
				GCC_WARN_ABOUT_RETURN_TYPE = YES_ERROR;
				GCC_WARN_UNDECLARED_SELECTOR = YES;
				GCC_WARN_UNINITIALIZED_AUTOS = YES_AGGRESSIVE;
				GCC_WARN_UNUSED_FUNCTION = YES;
				GCC_WARN_UNUSED_VARIABLE = YES;
				IPHONEOS_DEPLOYMENT_TARGET = 11.4;
				MTL_ENABLE_DEBUG_INFO = YES;
				ONLY_ACTIVE_ARCH = YES;
				SDKROOT = iphoneos;
				SWIFT_ACTIVE_COMPILATION_CONDITIONS = DEBUG;
				SWIFT_OPTIMIZATION_LEVEL = "-Onone";
			};
			name = Debug;
		};
		690BD22620DCD8FD0029170F /* Release */ = {
			isa = XCBuildConfiguration;
			buildSettings = {
				ALWAYS_SEARCH_USER_PATHS = NO;
				CLANG_ANALYZER_NONNULL = YES;
				CLANG_ANALYZER_NUMBER_OBJECT_CONVERSION = YES_AGGRESSIVE;
				CLANG_CXX_LANGUAGE_STANDARD = "gnu++14";
				CLANG_CXX_LIBRARY = "libc++";
				CLANG_ENABLE_MODULES = YES;
				CLANG_ENABLE_OBJC_ARC = YES;
				CLANG_ENABLE_OBJC_WEAK = YES;
				CLANG_WARN_BLOCK_CAPTURE_AUTORELEASING = YES;
				CLANG_WARN_BOOL_CONVERSION = YES;
				CLANG_WARN_COMMA = YES;
				CLANG_WARN_CONSTANT_CONVERSION = YES;
				CLANG_WARN_DEPRECATED_OBJC_IMPLEMENTATIONS = YES;
				CLANG_WARN_DIRECT_OBJC_ISA_USAGE = YES_ERROR;
				CLANG_WARN_DOCUMENTATION_COMMENTS = YES;
				CLANG_WARN_EMPTY_BODY = YES;
				CLANG_WARN_ENUM_CONVERSION = YES;
				CLANG_WARN_INFINITE_RECURSION = YES;
				CLANG_WARN_INT_CONVERSION = YES;
				CLANG_WARN_NON_LITERAL_NULL_CONVERSION = YES;
				CLANG_WARN_OBJC_IMPLICIT_RETAIN_SELF = YES;
				CLANG_WARN_OBJC_LITERAL_CONVERSION = YES;
				CLANG_WARN_OBJC_ROOT_CLASS = YES_ERROR;
				CLANG_WARN_RANGE_LOOP_ANALYSIS = YES;
				CLANG_WARN_STRICT_PROTOTYPES = YES;
				CLANG_WARN_SUSPICIOUS_MOVE = YES;
				CLANG_WARN_UNGUARDED_AVAILABILITY = YES_AGGRESSIVE;
				CLANG_WARN_UNREACHABLE_CODE = YES;
				CLANG_WARN__DUPLICATE_METHOD_MATCH = YES;
				CODE_SIGN_IDENTITY = "iPhone Developer";
				COPY_PHASE_STRIP = NO;
				DEBUG_INFORMATION_FORMAT = "dwarf-with-dsym";
				ENABLE_NS_ASSERTIONS = NO;
				ENABLE_STRICT_OBJC_MSGSEND = YES;
				GCC_C_LANGUAGE_STANDARD = gnu11;
				GCC_NO_COMMON_BLOCKS = YES;
				GCC_WARN_64_TO_32_BIT_CONVERSION = YES;
				GCC_WARN_ABOUT_RETURN_TYPE = YES_ERROR;
				GCC_WARN_UNDECLARED_SELECTOR = YES;
				GCC_WARN_UNINITIALIZED_AUTOS = YES_AGGRESSIVE;
				GCC_WARN_UNUSED_FUNCTION = YES;
				GCC_WARN_UNUSED_VARIABLE = YES;
				IPHONEOS_DEPLOYMENT_TARGET = 11.4;
				MTL_ENABLE_DEBUG_INFO = NO;
				SDKROOT = iphoneos;
				SWIFT_COMPILATION_MODE = wholemodule;
				SWIFT_OPTIMIZATION_LEVEL = "-O";
				VALIDATE_PRODUCT = YES;
			};
			name = Release;
		};
		690BD22820DCD8FD0029170F /* Debug */ = {
			isa = XCBuildConfiguration;
			baseConfigurationReference = 1ECC848879370C5078527E9D /* Pods-Demo.debug.xcconfig */;
			buildSettings = {
				ASSETCATALOG_COMPILER_APPICON_NAME = AppIcon;
				CODE_SIGN_STYLE = Automatic;
				INFOPLIST_FILE = Demo/Info.plist;
				IPHONEOS_DEPLOYMENT_TARGET = 9.0;
				LD_RUNPATH_SEARCH_PATHS = (
					"$(inherited)",
					"@executable_path/Frameworks",
				);
				PRODUCT_BUNDLE_IDENTIFIER = com.visuality.Demo;
				PRODUCT_NAME = "$(TARGET_NAME)";
				SWIFT_VERSION = 4.0;
				TARGETED_DEVICE_FAMILY = "1,2";
			};
			name = Debug;
		};
		690BD22920DCD8FD0029170F /* Release */ = {
			isa = XCBuildConfiguration;
			baseConfigurationReference = D2DAD8145B3EBCF5A4C7EC05 /* Pods-Demo.release.xcconfig */;
			buildSettings = {
				ASSETCATALOG_COMPILER_APPICON_NAME = AppIcon;
				CODE_SIGN_STYLE = Automatic;
				INFOPLIST_FILE = Demo/Info.plist;
				IPHONEOS_DEPLOYMENT_TARGET = 9.0;
				LD_RUNPATH_SEARCH_PATHS = (
					"$(inherited)",
					"@executable_path/Frameworks",
				);
				PRODUCT_BUNDLE_IDENTIFIER = com.visuality.Demo;
				PRODUCT_NAME = "$(TARGET_NAME)";
				SWIFT_VERSION = 4.0;
				TARGETED_DEVICE_FAMILY = "1,2";
			};
			name = Release;
		};
/* End XCBuildConfiguration section */

/* Begin XCConfigurationList section */
		690BD21020DCD8FB0029170F /* Build configuration list for PBXProject "Demo" */ = {
			isa = XCConfigurationList;
			buildConfigurations = (
				690BD22520DCD8FD0029170F /* Debug */,
				690BD22620DCD8FD0029170F /* Release */,
			);
			defaultConfigurationIsVisible = 0;
			defaultConfigurationName = Release;
		};
		690BD22720DCD8FD0029170F /* Build configuration list for PBXNativeTarget "Demo" */ = {
			isa = XCConfigurationList;
			buildConfigurations = (
				690BD22820DCD8FD0029170F /* Debug */,
				690BD22920DCD8FD0029170F /* Release */,
			);
			defaultConfigurationIsVisible = 0;
			defaultConfigurationName = Release;
		};
/* End XCConfigurationList section */
	};
	rootObject = 690BD20D20DCD8FB0029170F /* Project object */;
}
